// !$*UTF8*$!
{
	archiveVersion = 1;
	classes = {
	};
	objectVersion = 52;
	objects = {

/* Begin PBXBuildFile section */
		FE81F83E26C9B25700BE9E45 /* PureSwiftUI in Frameworks */ = {isa = PBXBuildFile; productRef = FE81F83D26C9B25700BE9E45 /* PureSwiftUI */; };
		FE81F84126C9B31F00BE9E45 /* PureSwiftUITools in Frameworks */ = {isa = PBXBuildFile; productRef = FE81F84026C9B31F00BE9E45 /* PureSwiftUITools */; };
		FE8423ED26C9407C00AB5AD1 /* TimingCurveTestApp.swift in Sources */ = {isa = PBXBuildFile; fileRef = FE8423EC26C9407C00AB5AD1 /* TimingCurveTestApp.swift */; };
		FE8423EF26C9407C00AB5AD1 /* ContentView.swift in Sources */ = {isa = PBXBuildFile; fileRef = FE8423EE26C9407C00AB5AD1 /* ContentView.swift */; };
		FE8423F126C9407E00AB5AD1 /* Assets.xcassets in Resources */ = {isa = PBXBuildFile; fileRef = FE8423F026C9407E00AB5AD1 /* Assets.xcassets */; };
		FE8423F426C9407E00AB5AD1 /* Preview Assets.xcassets in Resources */ = {isa = PBXBuildFile; fileRef = FE8423F326C9407E00AB5AD1 /* Preview Assets.xcassets */; };
/* End PBXBuildFile section */

/* Begin PBXFileReference section */
		FE8423E926C9407C00AB5AD1 /* TimingCurveTest.app */ = {isa = PBXFileReference; explicitFileType = wrapper.application; includeInIndex = 0; path = TimingCurveTest.app; sourceTree = BUILT_PRODUCTS_DIR; };
		FE8423EC26C9407C00AB5AD1 /* TimingCurveTestApp.swift */ = {isa = PBXFileReference; lastKnownFileType = sourcecode.swift; path = TimingCurveTestApp.swift; sourceTree = "<group>"; };
		FE8423EE26C9407C00AB5AD1 /* ContentView.swift */ = {isa = PBXFileReference; lastKnownFileType = sourcecode.swift; path = ContentView.swift; sourceTree = "<group>"; };
		FE8423F026C9407E00AB5AD1 /* Assets.xcassets */ = {isa = PBXFileReference; lastKnownFileType = folder.assetcatalog; path = Assets.xcassets; sourceTree = "<group>"; };
		FE8423F326C9407E00AB5AD1 /* Preview Assets.xcassets */ = {isa = PBXFileReference; lastKnownFileType = folder.assetcatalog; path = "Preview Assets.xcassets"; sourceTree = "<group>"; };
		FE8423F526C9407E00AB5AD1 /* Info.plist */ = {isa = PBXFileReference; lastKnownFileType = text.plist.xml; path = Info.plist; sourceTree = "<group>"; };
/* End PBXFileReference section */

/* Begin PBXFrameworksBuildPhase section */
		FE8423E626C9407C00AB5AD1 /* Frameworks */ = {
			isa = PBXFrameworksBuildPhase;
			buildActionMask = 2147483647;
			files = (
				FE81F84126C9B31F00BE9E45 /* PureSwiftUITools in Frameworks */,
				FE81F83E26C9B25700BE9E45 /* PureSwiftUI in Frameworks */,
			);
			runOnlyForDeploymentPostprocessing = 0;
		};
/* End PBXFrameworksBuildPhase section */

/* Begin PBXGroup section */
		FE8423E026C9407C00AB5AD1 = {
			isa = PBXGroup;
			children = (
				FE8423EB26C9407C00AB5AD1 /* TimingCurveTest */,
				FE8423EA26C9407C00AB5AD1 /* Products */,
			);
			sourceTree = "<group>";
		};
		FE8423EA26C9407C00AB5AD1 /* Products */ = {
			isa = PBXGroup;
			children = (
				FE8423E926C9407C00AB5AD1 /* TimingCurveTest.app */,
			);
			name = Products;
			sourceTree = "<group>";
		};
		FE8423EB26C9407C00AB5AD1 /* TimingCurveTest */ = {
			isa = PBXGroup;
			children = (
				FE8423EC26C9407C00AB5AD1 /* TimingCurveTestApp.swift */,
				FE8423EE26C9407C00AB5AD1 /* ContentView.swift */,
				FE8423F026C9407E00AB5AD1 /* Assets.xcassets */,
				FE8423F526C9407E00AB5AD1 /* Info.plist */,
				FE8423F226C9407E00AB5AD1 /* Preview Content */,
			);
			path = TimingCurveTest;
			sourceTree = "<group>";
		};
		FE8423F226C9407E00AB5AD1 /* Preview Content */ = {
			isa = PBXGroup;
			children = (
				FE8423F326C9407E00AB5AD1 /* Preview Assets.xcassets */,
			);
			path = "Preview Content";
			sourceTree = "<group>";
		};
/* End PBXGroup section */

/* Begin PBXNativeTarget section */
		FE8423E826C9407C00AB5AD1 /* TimingCurveTest */ = {
			isa = PBXNativeTarget;
			buildConfigurationList = FE8423F826C9407E00AB5AD1 /* Build configuration list for PBXNativeTarget "TimingCurveTest" */;
			buildPhases = (
				FE8423E526C9407C00AB5AD1 /* Sources */,
				FE8423E626C9407C00AB5AD1 /* Frameworks */,
				FE8423E726C9407C00AB5AD1 /* Resources */,
			);
			buildRules = (
			);
			dependencies = (
			);
			name = TimingCurveTest;
			packageProductDependencies = (
				FE81F83D26C9B25700BE9E45 /* PureSwiftUI */,
				FE81F84026C9B31F00BE9E45 /* PureSwiftUITools */,
			);
			productName = TimingCurveTest;
			productReference = FE8423E926C9407C00AB5AD1 /* TimingCurveTest.app */;
			productType = "com.apple.product-type.application";
		};
/* End PBXNativeTarget section */

/* Begin PBXProject section */
		FE8423E126C9407C00AB5AD1 /* Project object */ = {
			isa = PBXProject;
			attributes = {
				LastSwiftUpdateCheck = 1250;
				LastUpgradeCheck = 1250;
				TargetAttributes = {
					FE8423E826C9407C00AB5AD1 = {
						CreatedOnToolsVersion = 12.5.1;
					};
				};
			};
			buildConfigurationList = FE8423E426C9407C00AB5AD1 /* Build configuration list for PBXProject "TimingCurveTest" */;
			compatibilityVersion = "Xcode 9.3";
			developmentRegion = en;
			hasScannedForEncodings = 0;
			knownRegions = (
				en,
				Base,
			);
			mainGroup = FE8423E026C9407C00AB5AD1;
			packageReferences = (
				FE81F83C26C9B25700BE9E45 /* XCRemoteSwiftPackageReference "pure-swift-ui" */,
				FE81F83F26C9B31F00BE9E45 /* XCRemoteSwiftPackageReference "pure-swift-ui-tools" */,
			);
			productRefGroup = FE8423EA26C9407C00AB5AD1 /* Products */;
			projectDirPath = "";
			projectRoot = "";
			targets = (
				FE8423E826C9407C00AB5AD1 /* TimingCurveTest */,
			);
		};
/* End PBXProject section */

/* Begin PBXResourcesBuildPhase section */
		FE8423E726C9407C00AB5AD1 /* Resources */ = {
			isa = PBXResourcesBuildPhase;
			buildActionMask = 2147483647;
			files = (
				FE8423F426C9407E00AB5AD1 /* Preview Assets.xcassets in Resources */,
				FE8423F126C9407E00AB5AD1 /* Assets.xcassets in Resources */,
			);
			runOnlyForDeploymentPostprocessing = 0;
		};
/* End PBXResourcesBuildPhase section */

/* Begin PBXSourcesBuildPhase section */
		FE8423E526C9407C00AB5AD1 /* Sources */ = {
			isa = PBXSourcesBuildPhase;
			buildActionMask = 2147483647;
			files = (
				FE8423EF26C9407C00AB5AD1 /* ContentView.swift in Sources */,
				FE8423ED26C9407C00AB5AD1 /* TimingCurveTestApp.swift in Sources */,
			);
			runOnlyForDeploymentPostprocessing = 0;
		};
/* End PBXSourcesBuildPhase section */

/* Begin XCBuildConfiguration section */
		FE8423F626C9407E00AB5AD1 /* Debug */ = {
			isa = XCBuildConfiguration;
			buildSettings = {
				ALWAYS_SEARCH_USER_PATHS = NO;
				CLANG_ANALYZER_NONNULL = YES;
				CLANG_ANALYZER_NUMBER_OBJECT_CONVERSION = YES_AGGRESSIVE;
				CLANG_CXX_LANGUAGE_STANDARD = "gnu++14";
				CLANG_CXX_LIBRARY = "libc++";
				CLANG_ENABLE_MODULES = YES;
				CLANG_ENABLE_OBJC_ARC = YES;
				CLANG_ENABLE_OBJC_WEAK = YES;
				CLANG_WARN_BLOCK_CAPTURE_AUTORELEASING = YES;
				CLANG_WARN_BOOL_CONVERSION = YES;
				CLANG_WARN_COMMA = YES;
				CLANG_WARN_CONSTANT_CONVERSION = YES;
				CLANG_WARN_DEPRECATED_OBJC_IMPLEMENTATIONS = YES;
				CLANG_WARN_DIRECT_OBJC_ISA_USAGE = YES_ERROR;
				CLANG_WARN_DOCUMENTATION_COMMENTS = YES;
				CLANG_WARN_EMPTY_BODY = YES;
				CLANG_WARN_ENUM_CONVERSION = YES;
				CLANG_WARN_INFINITE_RECURSION = YES;
				CLANG_WARN_INT_CONVERSION = YES;
				CLANG_WARN_NON_LITERAL_NULL_CONVERSION = YES;
				CLANG_WARN_OBJC_IMPLICIT_RETAIN_SELF = YES;
				CLANG_WARN_OBJC_LITERAL_CONVERSION = YES;
				CLANG_WARN_OBJC_ROOT_CLASS = YES_ERROR;
				CLANG_WARN_QUOTED_INCLUDE_IN_FRAMEWORK_HEADER = YES;
				CLANG_WARN_RANGE_LOOP_ANALYSIS = YES;
				CLANG_WARN_STRICT_PROTOTYPES = YES;
				CLANG_WARN_SUSPICIOUS_MOVE = YES;
				CLANG_WARN_UNGUARDED_AVAILABILITY = YES_AGGRESSIVE;
				CLANG_WARN_UNREACHABLE_CODE = YES;
				CLANG_WARN__DUPLICATE_METHOD_MATCH = YES;
				COPY_PHASE_STRIP = NO;
				DEBUG_INFORMATION_FORMAT = dwarf;
				ENABLE_STRICT_OBJC_MSGSEND = YES;
				ENABLE_TESTABILITY = YES;
				GCC_C_LANGUAGE_STANDARD = gnu11;
				GCC_DYNAMIC_NO_PIC = NO;
				GCC_NO_COMMON_BLOCKS = YES;
				GCC_OPTIMIZATION_LEVEL = 0;
				GCC_PREPROCESSOR_DEFINITIONS = (
					"DEBUG=1",
					"$(inherited)",
				);
				GCC_WARN_64_TO_32_BIT_CONVERSION = YES;
				GCC_WARN_ABOUT_RETURN_TYPE = YES_ERROR;
				GCC_WARN_UNDECLARED_SELECTOR = YES;
				GCC_WARN_UNINITIALIZED_AUTOS = YES_AGGRESSIVE;
				GCC_WARN_UNUSED_FUNCTION = YES;
				GCC_WARN_UNUSED_VARIABLE = YES;
				IPHONEOS_DEPLOYMENT_TARGET = 14.5;
				MTL_ENABLE_DEBUG_INFO = INCLUDE_SOURCE;
				MTL_FAST_MATH = YES;
				ONLY_ACTIVE_ARCH = YES;
				SDKROOT = iphoneos;
				SWIFT_ACTIVE_COMPILATION_CONDITIONS = DEBUG;
				SWIFT_OPTIMIZATION_LEVEL = "-Onone";
			};
			name = Debug;
		};
		FE8423F726C9407E00AB5AD1 /* Release */ = {
			isa = XCBuildConfiguration;
			buildSettings = {
				ALWAYS_SEARCH_USER_PATHS = NO;
				CLANG_ANALYZER_NONNULL = YES;
				CLANG_ANALYZER_NUMBER_OBJECT_CONVERSION = YES_AGGRESSIVE;
				CLANG_CXX_LANGUAGE_STANDARD = "gnu++14";
				CLANG_CXX_LIBRARY = "libc++";
				CLANG_ENABLE_MODULES = YES;
				CLANG_ENABLE_OBJC_ARC = YES;
				CLANG_ENABLE_OBJC_WEAK = YES;
				CLANG_WARN_BLOCK_CAPTURE_AUTORELEASING = YES;
				CLANG_WARN_BOOL_CONVERSION = YES;
				CLANG_WARN_COMMA = YES;
				CLANG_WARN_CONSTANT_CONVERSION = YES;
				CLANG_WARN_DEPRECATED_OBJC_IMPLEMENTATIONS = YES;
				CLANG_WARN_DIRECT_OBJC_ISA_USAGE = YES_ERROR;
				CLANG_WARN_DOCUMENTATION_COMMENTS = YES;
				CLANG_WARN_EMPTY_BODY = YES;
				CLANG_WARN_ENUM_CONVERSION = YES;
				CLANG_WARN_INFINITE_RECURSION = YES;
				CLANG_WARN_INT_CONVERSION = YES;
				CLANG_WARN_NON_LITERAL_NULL_CONVERSION = YES;
				CLANG_WARN_OBJC_IMPLICIT_RETAIN_SELF = YES;
				CLANG_WARN_OBJC_LITERAL_CONVERSION = YES;
				CLANG_WARN_OBJC_ROOT_CLASS = YES_ERROR;
				CLANG_WARN_QUOTED_INCLUDE_IN_FRAMEWORK_HEADER = YES;
				CLANG_WARN_RANGE_LOOP_ANALYSIS = YES;
				CLANG_WARN_STRICT_PROTOTYPES = YES;
				CLANG_WARN_SUSPICIOUS_MOVE = YES;
				CLANG_WARN_UNGUARDED_AVAILABILITY = YES_AGGRESSIVE;
				CLANG_WARN_UNREACHABLE_CODE = YES;
				CLANG_WARN__DUPLICATE_METHOD_MATCH = YES;
				COPY_PHASE_STRIP = NO;
				DEBUG_INFORMATION_FORMAT = "dwarf-with-dsym";
				ENABLE_NS_ASSERTIONS = NO;
				ENABLE_STRICT_OBJC_MSGSEND = YES;
				GCC_C_LANGUAGE_STANDARD = gnu11;
				GCC_NO_COMMON_BLOCKS = YES;
				GCC_WARN_64_TO_32_BIT_CONVERSION = YES;
				GCC_WARN_ABOUT_RETURN_TYPE = YES_ERROR;
				GCC_WARN_UNDECLARED_SELECTOR = YES;
				GCC_WARN_UNINITIALIZED_AUTOS = YES_AGGRESSIVE;
				GCC_WARN_UNUSED_FUNCTION = YES;
				GCC_WARN_UNUSED_VARIABLE = YES;
				IPHONEOS_DEPLOYMENT_TARGET = 14.5;
				MTL_ENABLE_DEBUG_INFO = NO;
				MTL_FAST_MATH = YES;
				SDKROOT = iphoneos;
				SWIFT_COMPILATION_MODE = wholemodule;
				SWIFT_OPTIMIZATION_LEVEL = "-O";
				VALIDATE_PRODUCT = YES;
			};
			name = Release;
		};
		FE8423F926C9407E00AB5AD1 /* Debug */ = {
			isa = XCBuildConfiguration;
			buildSettings = {
				ASSETCATALOG_COMPILER_APPICON_NAME = AppIcon;
				ASSETCATALOG_COMPILER_GLOBAL_ACCENT_COLOR_NAME = AccentColor;
				CODE_SIGN_STYLE = Automatic;
				DEVELOPMENT_ASSET_PATHS = "\"TimingCurveTest/Preview Content\"";
				DEVELOPMENT_TEAM = 7RAQ7W44J6;
				ENABLE_PREVIEWS = YES;
				INFOPLIST_FILE = TimingCurveTest/Info.plist;
				IPHONEOS_DEPLOYMENT_TARGET = 14.0;
				LD_RUNPATH_SEARCH_PATHS = (
					"$(inherited)",
					"@executable_path/Frameworks",
				);
				PRODUCT_BUNDLE_IDENTIFIER = com.timingcurve.TimingCurveTest;
				PRODUCT_NAME = "$(TARGET_NAME)";
				SWIFT_VERSION = 5.0;
				TARGETED_DEVICE_FAMILY = "1,2";
			};
			name = Debug;
		};
		FE8423FA26C9407E00AB5AD1 /* Release */ = {
			isa = XCBuildConfiguration;
			buildSettings = {
				ASSETCATALOG_COMPILER_APPICON_NAME = AppIcon;
				ASSETCATALOG_COMPILER_GLOBAL_ACCENT_COLOR_NAME = AccentColor;
				CODE_SIGN_STYLE = Automatic;
				DEVELOPMENT_ASSET_PATHS = "\"TimingCurveTest/Preview Content\"";
				DEVELOPMENT_TEAM = 7RAQ7W44J6;
				ENABLE_PREVIEWS = YES;
				INFOPLIST_FILE = TimingCurveTest/Info.plist;
				IPHONEOS_DEPLOYMENT_TARGET = 14.0;
				LD_RUNPATH_SEARCH_PATHS = (
					"$(inherited)",
					"@executable_path/Frameworks",
				);
				PRODUCT_BUNDLE_IDENTIFIER = com.timingcurve.TimingCurveTest;
				PRODUCT_NAME = "$(TARGET_NAME)";
				SWIFT_VERSION = 5.0;
				TARGETED_DEVICE_FAMILY = "1,2";
			};
			name = Release;
		};
/* End XCBuildConfiguration section */

/* Begin XCConfigurationList section */
		FE8423E426C9407C00AB5AD1 /* Build configuration list for PBXProject "TimingCurveTest" */ = {
			isa = XCConfigurationList;
			buildConfigurations = (
				FE8423F626C9407E00AB5AD1 /* Debug */,
				FE8423F726C9407E00AB5AD1 /* Release */,
			);
			defaultConfigurationIsVisible = 0;
			defaultConfigurationName = Release;
		};
		FE8423F826C9407E00AB5AD1 /* Build configuration list for PBXNativeTarget "TimingCurveTest" */ = {
			isa = XCConfigurationList;
			buildConfigurations = (
				FE8423F926C9407E00AB5AD1 /* Debug */,
				FE8423FA26C9407E00AB5AD1 /* Release */,
			);
			defaultConfigurationIsVisible = 0;
			defaultConfigurationName = Release;
		};
/* End XCConfigurationList section */

/* Begin XCRemoteSwiftPackageReference section */
		FE81F83C26C9B25700BE9E45 /* XCRemoteSwiftPackageReference "pure-swift-ui" */ = {
			isa = XCRemoteSwiftPackageReference;
			repositoryURL = "https://github.com/CodeSlicing/pure-swift-ui";
			requirement = {
				kind = upToNextMajorVersion;
				minimumVersion = 2.1.1;
			};
		};
		FE81F83F26C9B31F00BE9E45 /* XCRemoteSwiftPackageReference "pure-swift-ui-tools" */ = {
			isa = XCRemoteSwiftPackageReference;
			repositoryURL = "https://github.com/CodeSlicing/pure-swift-ui-tools";
			requirement = {
				kind = upToNextMajorVersion;
				minimumVersion = 2.0.2;
			};
		};
/* End XCRemoteSwiftPackageReference section */

/* Begin XCSwiftPackageProductDependency section */
		FE81F83D26C9B25700BE9E45 /* PureSwiftUI */ = {
			isa = XCSwiftPackageProductDependency;
			package = FE81F83C26C9B25700BE9E45 /* XCRemoteSwiftPackageReference "pure-swift-ui" */;
			productName = PureSwiftUI;
		};
		FE81F84026C9B31F00BE9E45 /* PureSwiftUITools */ = {
			isa = XCSwiftPackageProductDependency;
			package = FE81F83F26C9B31F00BE9E45 /* XCRemoteSwiftPackageReference "pure-swift-ui-tools" */;
			productName = PureSwiftUITools;
		};
/* End XCSwiftPackageProductDependency section */
	};
	rootObject = FE8423E126C9407C00AB5AD1 /* Project object */;
}
